Microsoft Visual Studio Solution File, Format Version 12.00
# Visual Studio Version 17
VisualStudioVersion = 17.0.31903.59
MinimumVisualStudioVersion = 10.0.40219.1
Project("{FAE04EC0-301F-11D3-BF4B-00C04F79EFBC}") = "StreetEmpire.Api", "Server\StreetEmpire.Api\StreetEmpire.Api.csproj", "{0C5E755E-09BD-4FE9-B0D5-CBCEEA0E90E4}"
EndProject
Project("{FAE04EC0-301F-11D3-BF4B-00C04F79EFBC}") = "StreetEmpire.Tests", "Tests\StreetEmpire.Tests\StreetEmpire.Tests.csproj", "{7989F8EF-8E61-4DCD-8E7C-A19A7BE75295}"
EndProject
Global
	GlobalSection(SolutionConfigurationPlatforms) = preSolution
		Debug|Any CPU = Debug|Any CPU
		Release|Any CPU = Release|Any CPU
	EndGlobalSection
	GlobalSection(ProjectConfigurationPlatforms) = postSolution
		{0C5E755E-09BD-4FE9-B0D5-CBCEEA0E90E4}.Debug|Any CPU.ActiveCfg = Debug|Any CPU
		{0C5E755E-09BD-4FE9-B0D5-CBCEEA0E90E4}.Debug|Any CPU.Build.0 = Debug|Any CPU
		{0C5E755E-09BD-4FE9-B0D5-CBCEEA0E90E4}.Release|Any CPU.ActiveCfg = Release|Any CPU
		{0C5E755E-09BD-4FE9-B0D5-CBCEEA0E90E4}.Release|Any CPU.Build.0 = Release|Any CPU
		{7989F8EF-8E61-4DCD-8E7C-A19A7BE75295}.Debug|Any CPU.ActiveCfg = Debug|Any CPU
		{7989F8EF-8E61-4DCD-8E7C-A19A7BE75295}.Debug|Any CPU.Build.0 = Debug|Any CPU
		{7989F8EF-8E61-4DCD-8E7C-A19A7BE75295}.Release|Any CPU.ActiveCfg = Release|Any CPU
		{7989F8EF-8E61-4DCD-8E7C-A19A7BE75295}.Release|Any CPU.Build.0 = Release|Any CPU
	EndGlobalSection
EndGlobal
